
Microsoft Visual Studio Solution File, Format Version 12.00
# Visual Studio Version 17
VisualStudioVersion = 17.3.32929.385
MinimumVisualStudioVersion = 10.0.40219.1
Project("{9A19103F-16F7-4668-BE54-9A1E7A4F7556}") = "Span.Culturio.Auth", "Span.Culturio.Auth\Span.Culturio.Auth.csproj", "{4AA2B9F5-AB65-4E86-82A8-28B1A9A6F197}"
EndProject
Project("{9A19103F-16F7-4668-BE54-9A1E7A4F7556}") = "Span.Culturio.Core", "Span.Culturio.Core\Span.Culturio.Core.csproj", "{2CA97154-C68F-4B79-B317-96E209117BF1}"
EndProject
Project("{9A19103F-16F7-4668-BE54-9A1E7A4F7556}") = "Span.Culturio.Users", "Span.Culturio.Users\Span.Culturio.Users.csproj", "{01B37743-2E83-4FAD-B72B-0267DFF1ED2A}"
EndProject
Project("{9A19103F-16F7-4668-BE54-9A1E7A4F7556}") = "Span.Culturio.CultureObjects", "Span.Culturio.CultureObjects\Span.Culturio.CultureObjects.csproj", "{C8E793E9-E0CD-4871-82BE-530EB53F1DC6}"
EndProject
Project("{FAE04EC0-301F-11D3-BF4B-00C04F79EFBC}") = "Span.Culturio.Packages", "Span.Culturio.Packages\Span.Culturio.Packages.csproj", "{5909162C-FAEB-442B-801A-10FF82101694}"
EndProject
Project("{FAE04EC0-301F-11D3-BF4B-00C04F79EFBC}") = "Span.Culturio.Subscriptions", "Span.Culturio.Subscriptions\Span.Culturio.Subscriptions.csproj", "{CD6BDD17-0E79-4EED-BF8C-0BCF6615506A}"
EndProject
Global
	GlobalSection(SolutionConfigurationPlatforms) = preSolution
		Debug|Any CPU = Debug|Any CPU
		Release|Any CPU = Release|Any CPU
	EndGlobalSection
	GlobalSection(ProjectConfigurationPlatforms) = postSolution
		{4AA2B9F5-AB65-4E86-82A8-28B1A9A6F197}.Debug|Any CPU.ActiveCfg = Debug|Any CPU
		{4AA2B9F5-AB65-4E86-82A8-28B1A9A6F197}.Debug|Any CPU.Build.0 = Debug|Any CPU
		{4AA2B9F5-AB65-4E86-82A8-28B1A9A6F197}.Release|Any CPU.ActiveCfg = Release|Any CPU
		{4AA2B9F5-AB65-4E86-82A8-28B1A9A6F197}.Release|Any CPU.Build.0 = Release|Any CPU
		{2CA97154-C68F-4B79-B317-96E209117BF1}.Debug|Any CPU.ActiveCfg = Debug|Any CPU
		{2CA97154-C68F-4B79-B317-96E209117BF1}.Debug|Any CPU.Build.0 = Debug|Any CPU
		{2CA97154-C68F-4B79-B317-96E209117BF1}.Release|Any CPU.ActiveCfg = Release|Any CPU
		{2CA97154-C68F-4B79-B317-96E209117BF1}.Release|Any CPU.Build.0 = Release|Any CPU
		{01B37743-2E83-4FAD-B72B-0267DFF1ED2A}.Debug|Any CPU.ActiveCfg = Debug|Any CPU
		{01B37743-2E83-4FAD-B72B-0267DFF1ED2A}.Debug|Any CPU.Build.0 = Debug|Any CPU
		{01B37743-2E83-4FAD-B72B-0267DFF1ED2A}.Release|Any CPU.ActiveCfg = Release|Any CPU
		{01B37743-2E83-4FAD-B72B-0267DFF1ED2A}.Release|Any CPU.Build.0 = Release|Any CPU
		{C8E793E9-E0CD-4871-82BE-530EB53F1DC6}.Debug|Any CPU.ActiveCfg = Debug|Any CPU
		{C8E793E9-E0CD-4871-82BE-530EB53F1DC6}.Debug|Any CPU.Build.0 = Debug|Any CPU
		{C8E793E9-E0CD-4871-82BE-530EB53F1DC6}.Release|Any CPU.ActiveCfg = Release|Any CPU
		{C8E793E9-E0CD-4871-82BE-530EB53F1DC6}.Release|Any CPU.Build.0 = Release|Any CPU
		{5909162C-FAEB-442B-801A-10FF82101694}.Debug|Any CPU.ActiveCfg = Debug|Any CPU
		{5909162C-FAEB-442B-801A-10FF82101694}.Debug|Any CPU.Build.0 = Debug|Any CPU
		{5909162C-FAEB-442B-801A-10FF82101694}.Release|Any CPU.ActiveCfg = Release|Any CPU
		{5909162C-FAEB-442B-801A-10FF82101694}.Release|Any CPU.Build.0 = Release|Any CPU
		{CD6BDD17-0E79-4EED-BF8C-0BCF6615506A}.Debug|Any CPU.ActiveCfg = Debug|Any CPU
		{CD6BDD17-0E79-4EED-BF8C-0BCF6615506A}.Debug|Any CPU.Build.0 = Debug|Any CPU
		{CD6BDD17-0E79-4EED-BF8C-0BCF6615506A}.Release|Any CPU.ActiveCfg = Release|Any CPU
		{CD6BDD17-0E79-4EED-BF8C-0BCF6615506A}.Release|Any CPU.Build.0 = Release|Any CPU
	EndGlobalSection
	GlobalSection(SolutionProperties) = preSolution
		HideSolutionNode = FALSE
	EndGlobalSection
	GlobalSection(ExtensibilityGlobals) = postSolution
		SolutionGuid = {774159F3-B255-4936-A6CB-B492EECC385B}
	EndGlobalSection
EndGlobal
